
Microsoft Visual Studio Solution File, Format Version 12.00
# Visual Studio Version 16
VisualStudioVersion = 16.0.30621.155
MinimumVisualStudioVersion = 10.0.40219.1
Project("{FAE04EC0-301F-11D3-BF4B-00C04F79EFBC}") = "SN Magic Wand Setup", "SN Magic Wand Setup\SN Magic Wand Setup.csproj", "{ECE51C52-9E72-44A3-8C34-D3391A65F2DF}"
EndProject
Global
	GlobalSection(SolutionConfigurationPlatforms) = preSolution
		Debug|Any CPU = Debug|Any CPU
		Release|Any CPU = Release|Any CPU
	EndGlobalSection
	GlobalSection(ProjectConfigurationPlatforms) = postSolution
		{ECE51C52-9E72-44A3-8C34-D3391A65F2DF}.Debug|Any CPU.ActiveCfg = Debug|Any CPU
		{ECE51C52-9E72-44A3-8C34-D3391A65F2DF}.Debug|Any CPU.Build.0 = Debug|Any CPU
		{ECE51C52-9E72-44A3-8C34-D3391A65F2DF}.Release|Any CPU.ActiveCfg = Release|Any CPU
		{ECE51C52-9E72-44A3-8C34-D3391A65F2DF}.Release|Any CPU.Build.0 = Release|Any CPU
	EndGlobalSection
	GlobalSection(SolutionProperties) = preSolution
		HideSolutionNode = FALSE
	EndGlobalSection
	GlobalSection(ExtensibilityGlobals) = postSolution
		SolutionGuid = {194B219F-CD6A-47B5-BD31-362F60E0B961}
	EndGlobalSection
EndGlobal
