
Microsoft Visual Studio Solution File, Format Version 12.00
# Visual Studio Version 16
VisualStudioVersion = 16.0.30621.155
MinimumVisualStudioVersion = 10.0.40219.1
Project("{FAE04EC0-301F-11D3-BF4B-00C04F79EFBC}") = "SN Magic Wand Admin", "SN Magic Wand Admin\SN Magic Wand Admin.csproj", "{7D9627C0-4CDA-406E-B1F5-197DEC99E24C}"
EndProject
Global
	GlobalSection(SolutionConfigurationPlatforms) = preSolution
		Debug|Any CPU = Debug|Any CPU
		Debug|x64 = Debug|x64
		Release|Any CPU = Release|Any CPU
		Release|x64 = Release|x64
	EndGlobalSection
	GlobalSection(ProjectConfigurationPlatforms) = postSolution
		{7D9627C0-4CDA-406E-B1F5-197DEC99E24C}.Debug|Any CPU.ActiveCfg = Debug|Any CPU
		{7D9627C0-4CDA-406E-B1F5-197DEC99E24C}.Debug|Any CPU.Build.0 = Debug|Any CPU
		{7D9627C0-4CDA-406E-B1F5-197DEC99E24C}.Debug|x64.ActiveCfg = Debug|x64
		{7D9627C0-4CDA-406E-B1F5-197DEC99E24C}.Debug|x64.Build.0 = Debug|x64
		{7D9627C0-4CDA-406E-B1F5-197DEC99E24C}.Release|Any CPU.ActiveCfg = Release|Any CPU
		{7D9627C0-4CDA-406E-B1F5-197DEC99E24C}.Release|Any CPU.Build.0 = Release|Any CPU
		{7D9627C0-4CDA-406E-B1F5-197DEC99E24C}.Release|x64.ActiveCfg = Release|x64
		{7D9627C0-4CDA-406E-B1F5-197DEC99E24C}.Release|x64.Build.0 = Release|x64
	EndGlobalSection
	GlobalSection(SolutionProperties) = preSolution
		HideSolutionNode = FALSE
	EndGlobalSection
	GlobalSection(ExtensibilityGlobals) = postSolution
		SolutionGuid = {5D66A35E-BA48-4360-9F5E-92DFE9D12CA9}
	EndGlobalSection
EndGlobal
